
Microsoft Visual Studio Solution File, Format Version 12.00
# Visual Studio Version 17
VisualStudioVersion = 17.13.35913.81
MinimumVisualStudioVersion = 10.0.40219.1
Project("{FAE04EC0-301F-11D3-BF4B-00C04F79EFBC}") = "Arabiyya.Theme.Demo", "Arabiyya.Theme.Demo\Arabiyya.Theme.Demo.csproj", "{FD553C61-4C48-1C23-828D-A714BB9C80BB}"
	ProjectSection(ProjectDependencies) = postProject
		{09C47620-AF22-3217-323E-AB022C059A99} = {09C47620-AF22-3217-323E-AB022C059A99}
	EndProjectSection
EndProject
Project("{FAE04EC0-301F-11D3-BF4B-00C04F79EFBC}") = "Arabiyya.Theme", "Arabiyya.Theme\Arabiyya.Theme.csproj", "{BEA76265-6597-AF3C-E6D9-5D6C8103B365}"
	ProjectSection(ProjectDependencies) = postProject
		{09C47620-AF22-3217-323E-AB022C059A99} = {09C47620-AF22-3217-323E-AB022C059A99}
	EndProjectSection
EndProject
Project("{2150E333-8FDC-42A3-9474-1A3956D46DE8}") = "Solution Items", "Solution Items", "{8EC462FD-D22E-90A8-E5CE-7E832BA40C5D}"
	ProjectSection(SolutionItems) = preProject
		.editorconfig = .editorconfig
		.gitattributes = .gitattributes
		.gitignore = .gitignore
		.gitmodules = .gitmodules
		Directory.Packages.props = Directory.Packages.props
		README.md = README.md
	EndProjectSection
EndProject
Project("{FAE04EC0-301F-11D3-BF4B-00C04F79EFBC}") = "AvaGlass", "AvaGlass\AvaGlass.csproj", "{09C47620-AF22-3217-323E-AB022C059A99}"
EndProject
Project("{2150E333-8FDC-42A3-9474-1A3956D46DE8}") = "Libraries", "Libraries", "{02EA681E-C7D8-13C7-8484-4AC65E1B71E8}"
EndProject
Global
	GlobalSection(SolutionConfigurationPlatforms) = preSolution
		Debug|Any CPU = Debug|Any CPU
		Release|Any CPU = Release|Any CPU
	EndGlobalSection
	GlobalSection(ProjectConfigurationPlatforms) = postSolution
		{FD553C61-4C48-1C23-828D-A714BB9C80BB}.Debug|Any CPU.ActiveCfg = Debug|Any CPU
		{FD553C61-4C48-1C23-828D-A714BB9C80BB}.Debug|Any CPU.Build.0 = Debug|Any CPU
		{FD553C61-4C48-1C23-828D-A714BB9C80BB}.Release|Any CPU.ActiveCfg = Release|Any CPU
		{FD553C61-4C48-1C23-828D-A714BB9C80BB}.Release|Any CPU.Build.0 = Release|Any CPU
		{BEA76265-6597-AF3C-E6D9-5D6C8103B365}.Debug|Any CPU.ActiveCfg = Debug|Any CPU
		{BEA76265-6597-AF3C-E6D9-5D6C8103B365}.Debug|Any CPU.Build.0 = Debug|Any CPU
		{BEA76265-6597-AF3C-E6D9-5D6C8103B365}.Release|Any CPU.ActiveCfg = Release|Any CPU
		{BEA76265-6597-AF3C-E6D9-5D6C8103B365}.Release|Any CPU.Build.0 = Release|Any CPU
		{09C47620-AF22-3217-323E-AB022C059A99}.Debug|Any CPU.ActiveCfg = Debug|Any CPU
		{09C47620-AF22-3217-323E-AB022C059A99}.Debug|Any CPU.Build.0 = Debug|Any CPU
		{09C47620-AF22-3217-323E-AB022C059A99}.Release|Any CPU.ActiveCfg = Release|Any CPU
		{09C47620-AF22-3217-323E-AB022C059A99}.Release|Any CPU.Build.0 = Release|Any CPU
	EndGlobalSection
	GlobalSection(SolutionProperties) = preSolution
		HideSolutionNode = FALSE
	EndGlobalSection
	GlobalSection(NestedProjects) = preSolution
		{09C47620-AF22-3217-323E-AB022C059A99} = {02EA681E-C7D8-13C7-8484-4AC65E1B71E8}
	EndGlobalSection
	GlobalSection(ExtensibilityGlobals) = postSolution
		SolutionGuid = {C1A6BCD4-71C6-4D2E-9CFA-526BC1E603F0}
	EndGlobalSection
EndGlobal
